
Microsoft Visual Studio Solution File, Format Version 12.00
# Visual Studio Version 16
VisualStudioVersion = 16.0.29806.167
MinimumVisualStudioVersion = 10.0.40219.1
Project("{FAE04EC0-301F-11D3-BF4B-00C04F79EFBC}") = "Lesson2", "Lesson2\Lesson2.csproj", "{75C33A72-02F1-434D-876E-102F53321040}"
EndProject
Global
	GlobalSection(SolutionConfigurationPlatforms) = preSolution
		Debug|Any CPU = Debug|Any CPU
		Release|Any CPU = Release|Any CPU
	EndGlobalSection
	GlobalSection(ProjectConfigurationPlatforms) = postSolution
		{75C33A72-02F1-434D-876E-102F53321040}.Debug|Any CPU.ActiveCfg = Debug|Any CPU
		{75C33A72-02F1-434D-876E-102F53321040}.Debug|Any CPU.Build.0 = Debug|Any CPU
		{75C33A72-02F1-434D-876E-102F53321040}.Release|Any CPU.ActiveCfg = Release|Any CPU
		{75C33A72-02F1-434D-876E-102F53321040}.Release|Any CPU.Build.0 = Release|Any CPU
	EndGlobalSection
	GlobalSection(SolutionProperties) = preSolution
		HideSolutionNode = FALSE
	EndGlobalSection
	GlobalSection(ExtensibilityGlobals) = postSolution
		SolutionGuid = {2FDB6AC4-51E1-4AF1-AF1F-D3C9329B5C8F}
	EndGlobalSection
EndGlobal
